
Microsoft Visual Studio Solution File, Format Version 12.00
# Visual Studio Version 17
VisualStudioVersion = 17.1.32421.90
MinimumVisualStudioVersion = 10.0.40219.1
Project("{FAE04EC0-301F-11D3-BF4B-00C04F79EFBC}") = "Proje_Hastane", "Proje_Hastane\Proje_Hastane.csproj", "{365BDC88-4550-4877-AE8F-F660B7BBAB35}"
EndProject
Global
	GlobalSection(SolutionConfigurationPlatforms) = preSolution
		Debug|Any CPU = Debug|Any CPU
		Release|Any CPU = Release|Any CPU
	EndGlobalSection
	GlobalSection(ProjectConfigurationPlatforms) = postSolution
		{365BDC88-4550-4877-AE8F-F660B7BBAB35}.Debug|Any CPU.ActiveCfg = Debug|Any CPU
		{365BDC88-4550-4877-AE8F-F660B7BBAB35}.Debug|Any CPU.Build.0 = Debug|Any CPU
		{365BDC88-4550-4877-AE8F-F660B7BBAB35}.Release|Any CPU.ActiveCfg = Release|Any CPU
		{365BDC88-4550-4877-AE8F-F660B7BBAB35}.Release|Any CPU.Build.0 = Release|Any CPU
	EndGlobalSection
	GlobalSection(SolutionProperties) = preSolution
		HideSolutionNode = FALSE
	EndGlobalSection
	GlobalSection(ExtensibilityGlobals) = postSolution
		SolutionGuid = {32A98EAD-0744-4B3C-9259-C59594CA3FE3}
	EndGlobalSection
EndGlobal
